
Microsoft Visual Studio Solution File, Format Version 12.00
# Visual Studio Version 16
VisualStudioVersion = 16.0.29709.97
MinimumVisualStudioVersion = 10.0.40219.1
Project("{FAE04EC0-301F-11D3-BF4B-00C04F79EFBC}") = "Exercicio1", "Exercicio1\Exercicio1.csproj", "{8F23610F-7CA6-4656-9BA5-C60005FEB381}"
EndProject
Global
	GlobalSection(SolutionConfigurationPlatforms) = preSolution
		Debug|Any CPU = Debug|Any CPU
		Release|Any CPU = Release|Any CPU
	EndGlobalSection
	GlobalSection(ProjectConfigurationPlatforms) = postSolution
		{8F23610F-7CA6-4656-9BA5-C60005FEB381}.Debug|Any CPU.ActiveCfg = Debug|Any CPU
		{8F23610F-7CA6-4656-9BA5-C60005FEB381}.Debug|Any CPU.Build.0 = Debug|Any CPU
		{8F23610F-7CA6-4656-9BA5-C60005FEB381}.Release|Any CPU.ActiveCfg = Release|Any CPU
		{8F23610F-7CA6-4656-9BA5-C60005FEB381}.Release|Any CPU.Build.0 = Release|Any CPU
	EndGlobalSection
	GlobalSection(SolutionProperties) = preSolution
		HideSolutionNode = FALSE
	EndGlobalSection
	GlobalSection(ExtensibilityGlobals) = postSolution
		SolutionGuid = {7A4C7655-B5C5-416D-A065-3E8E50848CC1}
	EndGlobalSection
EndGlobal
